
Microsoft Visual Studio Solution File, Format Version 12.00
# Visual Studio 15
VisualStudioVersion = 15.0.28307.168
MinimumVisualStudioVersion = 10.0.40219.1
Project("{2150E333-8FDC-42A3-9474-1A3956D46DE8}") = "Solution Items", "Solution Items", "{C530FE1E-A2CB-4396-81BA-CA34C4729209}"
	ProjectSection(SolutionItems) = preProject
		html\mainpage.html = html\mainpage.html
	EndProjectSection
EndProject
Global
	GlobalSection(SolutionProperties) = preSolution
		HideSolutionNode = FALSE
	EndGlobalSection
	GlobalSection(ExtensibilityGlobals) = postSolution
		SolutionGuid = {1B8D16C4-27CE-4669-B563-7A37D01CB1A7}
	EndGlobalSection
EndGlobal
